
Microsoft Visual Studio Solution File, Format Version 12.00
Project("{FAE04EC0-301F-11D3-BF4B-00C04F79EFBC}") = "WeatherForecast_App", "WeatherForecast_App\WeatherForecast_App.csproj", "{1738AA5E-5BBB-454E-A267-A80D6A94E462}"
EndProject
Global
	GlobalSection(SolutionConfigurationPlatforms) = preSolution
		Debug|Any CPU = Debug|Any CPU
		Release|Any CPU = Release|Any CPU
	EndGlobalSection
	GlobalSection(ProjectConfigurationPlatforms) = postSolution
		{1738AA5E-5BBB-454E-A267-A80D6A94E462}.Debug|Any CPU.ActiveCfg = Debug|Any CPU
		{1738AA5E-5BBB-454E-A267-A80D6A94E462}.Debug|Any CPU.Build.0 = Debug|Any CPU
		{1738AA5E-5BBB-454E-A267-A80D6A94E462}.Release|Any CPU.ActiveCfg = Release|Any CPU
		{1738AA5E-5BBB-454E-A267-A80D6A94E462}.Release|Any CPU.Build.0 = Release|Any CPU
	EndGlobalSection
EndGlobal
